
Microsoft Visual Studio Solution File, Format Version 12.00
# Visual Studio Version 17
VisualStudioVersion = 17.11.35303.130
MinimumVisualStudioVersion = 10.0.40219.1
Project("{FAE04EC0-301F-11D3-BF4B-00C04F79EFBC}") = "TekSan", "TekSan\TekSan.csproj", "{64AED9D1-7360-4C84-921B-5D612B3C1747}"
EndProject
Global
	GlobalSection(SolutionConfigurationPlatforms) = preSolution
		Debug|Any CPU = Debug|Any CPU
		Release|Any CPU = Release|Any CPU
	EndGlobalSection
	GlobalSection(ProjectConfigurationPlatforms) = postSolution
		{64AED9D1-7360-4C84-921B-5D612B3C1747}.Debug|Any CPU.ActiveCfg = Debug|Any CPU
		{64AED9D1-7360-4C84-921B-5D612B3C1747}.Debug|Any CPU.Build.0 = Debug|Any CPU
		{64AED9D1-7360-4C84-921B-5D612B3C1747}.Release|Any CPU.ActiveCfg = Release|Any CPU
		{64AED9D1-7360-4C84-921B-5D612B3C1747}.Release|Any CPU.Build.0 = Release|Any CPU
	EndGlobalSection
	GlobalSection(SolutionProperties) = preSolution
		HideSolutionNode = FALSE
	EndGlobalSection
	GlobalSection(ExtensibilityGlobals) = postSolution
		SolutionGuid = {E5027A9E-8094-44BD-B170-9A4FECAA7C35}
	EndGlobalSection
EndGlobal
