
Microsoft Visual Studio Solution File, Format Version 12.00
# Visual Studio Version 17
VisualStudioVersion = 17.11.35303.130
MinimumVisualStudioVersion = 10.0.40219.1
Project("{9A19103F-16F7-4668-BE54-9A1E7A4F7556}") = "TekSan", "TekSan\TekSan.csproj", "{64AED9D1-7360-4C84-921B-5D612B3C1747}"
EndProject
Project("{9A19103F-16F7-4668-BE54-9A1E7A4F7556}") = "Entities", "Entities\Entities.csproj", "{C1B99CBF-2E12-40B2-B1A1-E5863F16472D}"
EndProject
Project("{9A19103F-16F7-4668-BE54-9A1E7A4F7556}") = "Repositories", "Repositories\Repositories.csproj", "{C0C24454-A20E-43C2-A65D-19B9553A0366}"
EndProject
Project("{FAE04EC0-301F-11D3-BF4B-00C04F79EFBC}") = "Services", "Services\Services.csproj", "{41EE1DEC-24C8-41BF-B2E4-4504D024E5B9}"
EndProject
Global
	GlobalSection(SolutionConfigurationPlatforms) = preSolution
		Debug|Any CPU = Debug|Any CPU
		Release|Any CPU = Release|Any CPU
	EndGlobalSection
	GlobalSection(ProjectConfigurationPlatforms) = postSolution
		{64AED9D1-7360-4C84-921B-5D612B3C1747}.Debug|Any CPU.ActiveCfg = Debug|Any CPU
		{64AED9D1-7360-4C84-921B-5D612B3C1747}.Debug|Any CPU.Build.0 = Debug|Any CPU
		{64AED9D1-7360-4C84-921B-5D612B3C1747}.Release|Any CPU.ActiveCfg = Release|Any CPU
		{64AED9D1-7360-4C84-921B-5D612B3C1747}.Release|Any CPU.Build.0 = Release|Any CPU
		{C1B99CBF-2E12-40B2-B1A1-E5863F16472D}.Debug|Any CPU.ActiveCfg = Debug|Any CPU
		{C1B99CBF-2E12-40B2-B1A1-E5863F16472D}.Debug|Any CPU.Build.0 = Debug|Any CPU
		{C1B99CBF-2E12-40B2-B1A1-E5863F16472D}.Release|Any CPU.ActiveCfg = Release|Any CPU
		{C1B99CBF-2E12-40B2-B1A1-E5863F16472D}.Release|Any CPU.Build.0 = Release|Any CPU
		{C0C24454-A20E-43C2-A65D-19B9553A0366}.Debug|Any CPU.ActiveCfg = Debug|Any CPU
		{C0C24454-A20E-43C2-A65D-19B9553A0366}.Debug|Any CPU.Build.0 = Debug|Any CPU
		{C0C24454-A20E-43C2-A65D-19B9553A0366}.Release|Any CPU.ActiveCfg = Release|Any CPU
		{C0C24454-A20E-43C2-A65D-19B9553A0366}.Release|Any CPU.Build.0 = Release|Any CPU
		{41EE1DEC-24C8-41BF-B2E4-4504D024E5B9}.Debug|Any CPU.ActiveCfg = Debug|Any CPU
		{41EE1DEC-24C8-41BF-B2E4-4504D024E5B9}.Debug|Any CPU.Build.0 = Debug|Any CPU
		{41EE1DEC-24C8-41BF-B2E4-4504D024E5B9}.Release|Any CPU.ActiveCfg = Release|Any CPU
		{41EE1DEC-24C8-41BF-B2E4-4504D024E5B9}.Release|Any CPU.Build.0 = Release|Any CPU
	EndGlobalSection
	GlobalSection(SolutionProperties) = preSolution
		HideSolutionNode = FALSE
	EndGlobalSection
	GlobalSection(ExtensibilityGlobals) = postSolution
		SolutionGuid = {E5027A9E-8094-44BD-B170-9A4FECAA7C35}
	EndGlobalSection
EndGlobal
